
Microsoft Visual Studio Solution File, Format Version 12.00
# Visual Studio 14
VisualStudioVersion = 14.0.25420.1
MinimumVisualStudioVersion = 10.0.40219.1
Project("{FAE04EC0-301F-11D3-BF4B-00C04F79EFBC}") = "AutoWork_活动机器人", "AutoWork\AutoWork_活动机器人.csproj", "{4A33E1D4-93AD-4398-AD77-B4301395F442}"
EndProject
Project("{FAE04EC0-301F-11D3-BF4B-00C04F79EFBC}") = "AutoUpdateGPKAcc", "AutoUpdateGPKAcc\AutoUpdateGPKAcc.csproj", "{01C4A839-D792-46AE-8C91-956559C165A3}"
EndProject
Project("{FAE04EC0-301F-11D3-BF4B-00C04F79EFBC}") = "TimoControl", "Control\TimoControl.csproj", "{C47BDECB-D9E8-4723-80FB-D1B8D4F77423}"
EndProject
Project("{FAE04EC0-301F-11D3-BF4B-00C04F79EFBC}") = "AutoDeposit_微收宝", "AutoDepositRedEnvelope\AutoDeposit_微收宝.csproj", "{AF13627C-2F27-4A65-91CF-40BB7C99D855}"
EndProject
Project("{FAE04EC0-301F-11D3-BF4B-00C04F79EFBC}") = "AutoWork_Plat_5hao", "AutoWork_Plat_5hao\AutoWork_Plat_5hao.csproj", "{4D02A5D6-7971-4BC5-B77F-B399D5A716E0}"
EndProject
Project("{FAE04EC0-301F-11D3-BF4B-00C04F79EFBC}") = "AutoAppSign签到_快速充值_红包", "AutoAppSign\AutoAppSign签到_快速充值_红包.csproj", "{8C3BF7AB-1912-4C84-B1DE-FB12830B7788}"
EndProject
Project("{FAE04EC0-301F-11D3-BF4B-00C04F79EFBC}") = "测试控制台程序", "TestDomo_console\测试控制台程序.csproj", "{408B9BAD-5A15-48CB-B7B4-256AD0CF53CC}"
EndProject
Project("{FAE04EC0-301F-11D3-BF4B-00C04F79EFBC}") = "测试窗口程序", "TestDemo\测试窗口程序.csproj", "{142D4930-A11B-4390-A045-44E03D14A9EB}"
EndProject
Project("{FAE04EC0-301F-11D3-BF4B-00C04F79EFBC}") = "批量自动处理数据", "AutoDismissed\批量自动处理数据.csproj", "{93D40DBD-D315-4AA6-B00C-6C336A8C80E2}"
EndProject
Project("{FAE04EC0-301F-11D3-BF4B-00C04F79EFBC}") = "ShowData", "ShowData\ShowData.csproj", "{F9450856-BA61-420E-B30D-C7AD1E0C67AB}"
EndProject
Project("{2150E333-8FDC-42A3-9474-1A3956D46DE8}") = "通用项目", "通用项目", "{A44408FB-2030-4726-8CB2-43AD36A5D211}"
EndProject
Project("{FAE04EC0-301F-11D3-BF4B-00C04F79EFBC}") = "批量处理域名导入", "DomainBat\批量处理域名导入.csproj", "{1C1302AF-1E42-4323-9B7D-B7E4000FAAF3}"
EndProject
Project("{FAE04EC0-301F-11D3-BF4B-00C04F79EFBC}") = "AutoRegTest", "AutoRegTest\AutoRegTest.csproj", "{2300351E-7DD7-4BB7-BDCA-8D7BEB6621CD}"
EndProject
Project("{2150E333-8FDC-42A3-9474-1A3956D46DE8}") = "其他项目", "其他项目", "{232359D5-F8C9-476B-93C8-5D831AAB8474}"
EndProject
Project("{FAE04EC0-301F-11D3-BF4B-00C04F79EFBC}") = "GetInfor", "GetInfor\GetInfor.csproj", "{BCA551A2-38ED-43DB-AA32-E77FA26E83CC}"
EndProject
Project("{FAE04EC0-301F-11D3-BF4B-00C04F79EFBC}") = "AppSignAPI", "AppSignAPI\AppSignAPI.csproj", "{A30403D7-4EC5-450A-B7C8-00298EDE9B90}"
EndProject
Project("{FAE04EC0-301F-11D3-BF4B-00C04F79EFBC}") = "Log4Net", "Log4Net\Log4Net.csproj", "{29A2D744-8344-4C5D-9320-7D8EED049933}"
EndProject
Project("{FAE04EC0-301F-11D3-BF4B-00C04F79EFBC}") = "青苹果充值GPK", "GAC_load\青苹果充值GPK.csproj", "{2B09E152-46FE-498A-92A5-F296AF5E2897}"
EndProject
Project("{FAE04EC0-301F-11D3-BF4B-00C04F79EFBC}") = "青苹果充值TG", "青苹果充值TG\青苹果充值TG.csproj", "{DFC0C485-3DBE-4FED-A90A-494BFDA3E7E0}"
EndProject
Project("{2150E333-8FDC-42A3-9474-1A3956D46DE8}") = "LIb", "LIb", "{7DBA79D2-7659-4E71-9DAD-1F511E91AE49}"
EndProject
Project("{FAE04EC0-301F-11D3-BF4B-00C04F79EFBC}") = "NPOIHelper", "NPOIHelper\NPOIHelper.csproj", "{7A711D02-9FF2-4F8F-B583-44A9EE3E40AB}"
EndProject
Project("{FAE04EC0-301F-11D3-BF4B-00C04F79EFBC}") = "SQLHelper", "sqlHelper\SQLHelper.csproj", "{05347F57-8996-46B5-A4D7-5E92CCD0C15A}"
EndProject
Project("{FAE04EC0-301F-11D3-BF4B-00C04F79EFBC}") = "SQLiteHelper", "SQLiteHelper\SQLiteHelper.csproj", "{73CE189D-2285-4C40-9B2C-5F0E2675C5AA}"
EndProject
Project("{FAE04EC0-301F-11D3-BF4B-00C04F79EFBC}") = "BaseFun", "BaseFun\BaseFun.csproj", "{1955A126-44D7-4381-B0DC-00F58AD93D6E}"
EndProject
Project("{FAE04EC0-301F-11D3-BF4B-00C04F79EFBC}") = "MySQLHelper", "MySQLHelper\MySQLHelper.csproj", "{6B6FF48F-5095-413E-8C9D-20E8FC36E9DC}"
EndProject
Project("{2150E333-8FDC-42A3-9474-1A3956D46DE8}") = "PLAT", "PLAT", "{8C5F36F0-A8BF-4E26-ABE0-3B66205788B5}"
EndProject
Project("{FAE04EC0-301F-11D3-BF4B-00C04F79EFBC}") = "青苹果充值到BB管端", "青苹果充值到BB管端\青苹果充值到BB管端.csproj", "{333AC929-8042-406D-9A02-BA29F530718C}"
EndProject
Project("{FAE04EC0-301F-11D3-BF4B-00C04F79EFBC}") = "QQRecovery", "QQRecovery\QQRecovery.csproj", "{37822D01-5C74-4010-BAA0-12B97AF3C2E5}"
EndProject
Project("{FAE04EC0-301F-11D3-BF4B-00C04F79EFBC}") = "AlipayGetMobile", "AlipayGetMobile\AlipayGetMobile.csproj", "{88D0A996-F2BB-46ED-BFE3-EE3F8092C7E3}"
EndProject
Project("{2150E333-8FDC-42A3-9474-1A3956D46DE8}") = "自己的项目", "自己的项目", "{86DE3FA3-DF4E-429F-9637-20A2F1D33A47}"
EndProject
Project("{FAE04EC0-301F-11D3-BF4B-00C04F79EFBC}") = "imgdata", "imgdata\imgdata.csproj", "{B8D7EF27-0BF0-4498-8F3E-9AEBD3F9A6FC}"
EndProject
Project("{FAE04EC0-301F-11D3-BF4B-00C04F79EFBC}") = "seleniumTest", "seleniumTest\seleniumTest.csproj", "{44C4C421-AD70-40E7-A3D5-B55996C96AD6}"
EndProject
Project("{FAE04EC0-301F-11D3-BF4B-00C04F79EFBC}") = "批量导入红包数据", "批量导入红包数据\批量导入红包数据.csproj", "{B3210FB4-BCAA-4E17-ABAE-1C4769A774D0}"
EndProject
Global
	GlobalSection(SolutionConfigurationPlatforms) = preSolution
		Debug|Any CPU = Debug|Any CPU
		Release|Any CPU = Release|Any CPU
	EndGlobalSection
	GlobalSection(ProjectConfigurationPlatforms) = postSolution
		{4A33E1D4-93AD-4398-AD77-B4301395F442}.Debug|Any CPU.ActiveCfg = Debug|Any CPU
		{4A33E1D4-93AD-4398-AD77-B4301395F442}.Debug|Any CPU.Build.0 = Debug|Any CPU
		{4A33E1D4-93AD-4398-AD77-B4301395F442}.Release|Any CPU.ActiveCfg = Release|Any CPU
		{4A33E1D4-93AD-4398-AD77-B4301395F442}.Release|Any CPU.Build.0 = Release|Any CPU
		{01C4A839-D792-46AE-8C91-956559C165A3}.Debug|Any CPU.ActiveCfg = Debug|Any CPU
		{01C4A839-D792-46AE-8C91-956559C165A3}.Debug|Any CPU.Build.0 = Debug|Any CPU
		{01C4A839-D792-46AE-8C91-956559C165A3}.Release|Any CPU.ActiveCfg = Release|Any CPU
		{01C4A839-D792-46AE-8C91-956559C165A3}.Release|Any CPU.Build.0 = Release|Any CPU
		{C47BDECB-D9E8-4723-80FB-D1B8D4F77423}.Debug|Any CPU.ActiveCfg = Debug|Any CPU
		{C47BDECB-D9E8-4723-80FB-D1B8D4F77423}.Debug|Any CPU.Build.0 = Debug|Any CPU
		{C47BDECB-D9E8-4723-80FB-D1B8D4F77423}.Release|Any CPU.ActiveCfg = Release|Any CPU
		{C47BDECB-D9E8-4723-80FB-D1B8D4F77423}.Release|Any CPU.Build.0 = Release|Any CPU
		{AF13627C-2F27-4A65-91CF-40BB7C99D855}.Debug|Any CPU.ActiveCfg = Debug|Any CPU
		{AF13627C-2F27-4A65-91CF-40BB7C99D855}.Debug|Any CPU.Build.0 = Debug|Any CPU
		{AF13627C-2F27-4A65-91CF-40BB7C99D855}.Release|Any CPU.ActiveCfg = Release|Any CPU
		{AF13627C-2F27-4A65-91CF-40BB7C99D855}.Release|Any CPU.Build.0 = Release|Any CPU
		{4D02A5D6-7971-4BC5-B77F-B399D5A716E0}.Debug|Any CPU.ActiveCfg = Debug|Any CPU
		{4D02A5D6-7971-4BC5-B77F-B399D5A716E0}.Debug|Any CPU.Build.0 = Debug|Any CPU
		{4D02A5D6-7971-4BC5-B77F-B399D5A716E0}.Release|Any CPU.ActiveCfg = Release|Any CPU
		{4D02A5D6-7971-4BC5-B77F-B399D5A716E0}.Release|Any CPU.Build.0 = Release|Any CPU
		{8C3BF7AB-1912-4C84-B1DE-FB12830B7788}.Debug|Any CPU.ActiveCfg = Debug|Any CPU
		{8C3BF7AB-1912-4C84-B1DE-FB12830B7788}.Debug|Any CPU.Build.0 = Debug|Any CPU
		{8C3BF7AB-1912-4C84-B1DE-FB12830B7788}.Release|Any CPU.ActiveCfg = Release|Any CPU
		{8C3BF7AB-1912-4C84-B1DE-FB12830B7788}.Release|Any CPU.Build.0 = Release|Any CPU
		{408B9BAD-5A15-48CB-B7B4-256AD0CF53CC}.Debug|Any CPU.ActiveCfg = Debug|Any CPU
		{408B9BAD-5A15-48CB-B7B4-256AD0CF53CC}.Debug|Any CPU.Build.0 = Debug|Any CPU
		{408B9BAD-5A15-48CB-B7B4-256AD0CF53CC}.Release|Any CPU.ActiveCfg = Release|Any CPU
		{408B9BAD-5A15-48CB-B7B4-256AD0CF53CC}.Release|Any CPU.Build.0 = Release|Any CPU
		{142D4930-A11B-4390-A045-44E03D14A9EB}.Debug|Any CPU.ActiveCfg = Debug|Any CPU
		{142D4930-A11B-4390-A045-44E03D14A9EB}.Debug|Any CPU.Build.0 = Debug|Any CPU
		{142D4930-A11B-4390-A045-44E03D14A9EB}.Release|Any CPU.ActiveCfg = Release|Any CPU
		{142D4930-A11B-4390-A045-44E03D14A9EB}.Release|Any CPU.Build.0 = Release|Any CPU
		{93D40DBD-D315-4AA6-B00C-6C336A8C80E2}.Debug|Any CPU.ActiveCfg = Debug|Any CPU
		{93D40DBD-D315-4AA6-B00C-6C336A8C80E2}.Debug|Any CPU.Build.0 = Debug|Any CPU
		{93D40DBD-D315-4AA6-B00C-6C336A8C80E2}.Release|Any CPU.ActiveCfg = Release|Any CPU
		{93D40DBD-D315-4AA6-B00C-6C336A8C80E2}.Release|Any CPU.Build.0 = Release|Any CPU
		{F9450856-BA61-420E-B30D-C7AD1E0C67AB}.Debug|Any CPU.ActiveCfg = Debug|Any CPU
		{F9450856-BA61-420E-B30D-C7AD1E0C67AB}.Debug|Any CPU.Build.0 = Debug|Any CPU
		{F9450856-BA61-420E-B30D-C7AD1E0C67AB}.Release|Any CPU.ActiveCfg = Release|Any CPU
		{F9450856-BA61-420E-B30D-C7AD1E0C67AB}.Release|Any CPU.Build.0 = Release|Any CPU
		{1C1302AF-1E42-4323-9B7D-B7E4000FAAF3}.Debug|Any CPU.ActiveCfg = Debug|Any CPU
		{1C1302AF-1E42-4323-9B7D-B7E4000FAAF3}.Debug|Any CPU.Build.0 = Debug|Any CPU
		{1C1302AF-1E42-4323-9B7D-B7E4000FAAF3}.Release|Any CPU.ActiveCfg = Release|Any CPU
		{1C1302AF-1E42-4323-9B7D-B7E4000FAAF3}.Release|Any CPU.Build.0 = Release|Any CPU
		{2300351E-7DD7-4BB7-BDCA-8D7BEB6621CD}.Debug|Any CPU.ActiveCfg = Debug|Any CPU
		{2300351E-7DD7-4BB7-BDCA-8D7BEB6621CD}.Debug|Any CPU.Build.0 = Debug|Any CPU
		{2300351E-7DD7-4BB7-BDCA-8D7BEB6621CD}.Release|Any CPU.ActiveCfg = Release|Any CPU
		{2300351E-7DD7-4BB7-BDCA-8D7BEB6621CD}.Release|Any CPU.Build.0 = Release|Any CPU
		{BCA551A2-38ED-43DB-AA32-E77FA26E83CC}.Debug|Any CPU.ActiveCfg = Debug|Any CPU
		{BCA551A2-38ED-43DB-AA32-E77FA26E83CC}.Debug|Any CPU.Build.0 = Debug|Any CPU
		{BCA551A2-38ED-43DB-AA32-E77FA26E83CC}.Release|Any CPU.ActiveCfg = Release|Any CPU
		{BCA551A2-38ED-43DB-AA32-E77FA26E83CC}.Release|Any CPU.Build.0 = Release|Any CPU
		{A30403D7-4EC5-450A-B7C8-00298EDE9B90}.Debug|Any CPU.ActiveCfg = Debug|Any CPU
		{A30403D7-4EC5-450A-B7C8-00298EDE9B90}.Debug|Any CPU.Build.0 = Debug|Any CPU
		{A30403D7-4EC5-450A-B7C8-00298EDE9B90}.Release|Any CPU.ActiveCfg = Release|Any CPU
		{A30403D7-4EC5-450A-B7C8-00298EDE9B90}.Release|Any CPU.Build.0 = Release|Any CPU
		{29A2D744-8344-4C5D-9320-7D8EED049933}.Debug|Any CPU.ActiveCfg = Debug|Any CPU
		{29A2D744-8344-4C5D-9320-7D8EED049933}.Debug|Any CPU.Build.0 = Debug|Any CPU
		{29A2D744-8344-4C5D-9320-7D8EED049933}.Release|Any CPU.ActiveCfg = Release|Any CPU
		{29A2D744-8344-4C5D-9320-7D8EED049933}.Release|Any CPU.Build.0 = Release|Any CPU
		{2B09E152-46FE-498A-92A5-F296AF5E2897}.Debug|Any CPU.ActiveCfg = Debug|Any CPU
		{2B09E152-46FE-498A-92A5-F296AF5E2897}.Debug|Any CPU.Build.0 = Debug|Any CPU
		{2B09E152-46FE-498A-92A5-F296AF5E2897}.Release|Any CPU.ActiveCfg = Release|Any CPU
		{2B09E152-46FE-498A-92A5-F296AF5E2897}.Release|Any CPU.Build.0 = Release|Any CPU
		{DFC0C485-3DBE-4FED-A90A-494BFDA3E7E0}.Debug|Any CPU.ActiveCfg = Debug|Any CPU
		{DFC0C485-3DBE-4FED-A90A-494BFDA3E7E0}.Debug|Any CPU.Build.0 = Debug|Any CPU
		{DFC0C485-3DBE-4FED-A90A-494BFDA3E7E0}.Release|Any CPU.ActiveCfg = Release|Any CPU
		{DFC0C485-3DBE-4FED-A90A-494BFDA3E7E0}.Release|Any CPU.Build.0 = Release|Any CPU
		{7A711D02-9FF2-4F8F-B583-44A9EE3E40AB}.Debug|Any CPU.ActiveCfg = Debug|Any CPU
		{7A711D02-9FF2-4F8F-B583-44A9EE3E40AB}.Debug|Any CPU.Build.0 = Debug|Any CPU
		{7A711D02-9FF2-4F8F-B583-44A9EE3E40AB}.Release|Any CPU.ActiveCfg = Release|Any CPU
		{7A711D02-9FF2-4F8F-B583-44A9EE3E40AB}.Release|Any CPU.Build.0 = Release|Any CPU
		{05347F57-8996-46B5-A4D7-5E92CCD0C15A}.Debug|Any CPU.ActiveCfg = Debug|Any CPU
		{05347F57-8996-46B5-A4D7-5E92CCD0C15A}.Debug|Any CPU.Build.0 = Debug|Any CPU
		{05347F57-8996-46B5-A4D7-5E92CCD0C15A}.Release|Any CPU.ActiveCfg = Release|Any CPU
		{05347F57-8996-46B5-A4D7-5E92CCD0C15A}.Release|Any CPU.Build.0 = Release|Any CPU
		{73CE189D-2285-4C40-9B2C-5F0E2675C5AA}.Debug|Any CPU.ActiveCfg = Debug|Any CPU
		{73CE189D-2285-4C40-9B2C-5F0E2675C5AA}.Debug|Any CPU.Build.0 = Debug|Any CPU
		{73CE189D-2285-4C40-9B2C-5F0E2675C5AA}.Release|Any CPU.ActiveCfg = Release|Any CPU
		{73CE189D-2285-4C40-9B2C-5F0E2675C5AA}.Release|Any CPU.Build.0 = Release|Any CPU
		{1955A126-44D7-4381-B0DC-00F58AD93D6E}.Debug|Any CPU.ActiveCfg = Debug|Any CPU
		{1955A126-44D7-4381-B0DC-00F58AD93D6E}.Debug|Any CPU.Build.0 = Debug|Any CPU
		{1955A126-44D7-4381-B0DC-00F58AD93D6E}.Release|Any CPU.ActiveCfg = Release|Any CPU
		{1955A126-44D7-4381-B0DC-00F58AD93D6E}.Release|Any CPU.Build.0 = Release|Any CPU
		{6B6FF48F-5095-413E-8C9D-20E8FC36E9DC}.Debug|Any CPU.ActiveCfg = Debug|Any CPU
		{6B6FF48F-5095-413E-8C9D-20E8FC36E9DC}.Debug|Any CPU.Build.0 = Debug|Any CPU
		{6B6FF48F-5095-413E-8C9D-20E8FC36E9DC}.Release|Any CPU.ActiveCfg = Release|Any CPU
		{6B6FF48F-5095-413E-8C9D-20E8FC36E9DC}.Release|Any CPU.Build.0 = Release|Any CPU
		{333AC929-8042-406D-9A02-BA29F530718C}.Debug|Any CPU.ActiveCfg = Debug|Any CPU
		{333AC929-8042-406D-9A02-BA29F530718C}.Debug|Any CPU.Build.0 = Debug|Any CPU
		{333AC929-8042-406D-9A02-BA29F530718C}.Release|Any CPU.ActiveCfg = Release|Any CPU
		{333AC929-8042-406D-9A02-BA29F530718C}.Release|Any CPU.Build.0 = Release|Any CPU
		{37822D01-5C74-4010-BAA0-12B97AF3C2E5}.Debug|Any CPU.ActiveCfg = Debug|Any CPU
		{37822D01-5C74-4010-BAA0-12B97AF3C2E5}.Debug|Any CPU.Build.0 = Debug|Any CPU
		{37822D01-5C74-4010-BAA0-12B97AF3C2E5}.Release|Any CPU.ActiveCfg = Release|Any CPU
		{37822D01-5C74-4010-BAA0-12B97AF3C2E5}.Release|Any CPU.Build.0 = Release|Any CPU
		{88D0A996-F2BB-46ED-BFE3-EE3F8092C7E3}.Debug|Any CPU.ActiveCfg = Debug|Any CPU
		{88D0A996-F2BB-46ED-BFE3-EE3F8092C7E3}.Debug|Any CPU.Build.0 = Debug|Any CPU
		{88D0A996-F2BB-46ED-BFE3-EE3F8092C7E3}.Release|Any CPU.ActiveCfg = Release|Any CPU
		{88D0A996-F2BB-46ED-BFE3-EE3F8092C7E3}.Release|Any CPU.Build.0 = Release|Any CPU
		{B8D7EF27-0BF0-4498-8F3E-9AEBD3F9A6FC}.Debug|Any CPU.ActiveCfg = Debug|Any CPU
		{B8D7EF27-0BF0-4498-8F3E-9AEBD3F9A6FC}.Debug|Any CPU.Build.0 = Debug|Any CPU
		{B8D7EF27-0BF0-4498-8F3E-9AEBD3F9A6FC}.Release|Any CPU.ActiveCfg = Release|Any CPU
		{B8D7EF27-0BF0-4498-8F3E-9AEBD3F9A6FC}.Release|Any CPU.Build.0 = Release|Any CPU
		{44C4C421-AD70-40E7-A3D5-B55996C96AD6}.Debug|Any CPU.ActiveCfg = Debug|Any CPU
		{44C4C421-AD70-40E7-A3D5-B55996C96AD6}.Debug|Any CPU.Build.0 = Debug|Any CPU
		{44C4C421-AD70-40E7-A3D5-B55996C96AD6}.Release|Any CPU.ActiveCfg = Release|Any CPU
		{44C4C421-AD70-40E7-A3D5-B55996C96AD6}.Release|Any CPU.Build.0 = Release|Any CPU
		{B3210FB4-BCAA-4E17-ABAE-1C4769A774D0}.Debug|Any CPU.ActiveCfg = Debug|Any CPU
		{B3210FB4-BCAA-4E17-ABAE-1C4769A774D0}.Debug|Any CPU.Build.0 = Debug|Any CPU
		{B3210FB4-BCAA-4E17-ABAE-1C4769A774D0}.Release|Any CPU.ActiveCfg = Release|Any CPU
		{B3210FB4-BCAA-4E17-ABAE-1C4769A774D0}.Release|Any CPU.Build.0 = Release|Any CPU
	EndGlobalSection
	GlobalSection(SolutionProperties) = preSolution
		HideSolutionNode = FALSE
	EndGlobalSection
	GlobalSection(NestedProjects) = preSolution
		{4A33E1D4-93AD-4398-AD77-B4301395F442} = {A44408FB-2030-4726-8CB2-43AD36A5D211}
		{8C3BF7AB-1912-4C84-B1DE-FB12830B7788} = {A44408FB-2030-4726-8CB2-43AD36A5D211}
		{93D40DBD-D315-4AA6-B00C-6C336A8C80E2} = {232359D5-F8C9-476B-93C8-5D831AAB8474}
		{1C1302AF-1E42-4323-9B7D-B7E4000FAAF3} = {232359D5-F8C9-476B-93C8-5D831AAB8474}
		{2300351E-7DD7-4BB7-BDCA-8D7BEB6621CD} = {232359D5-F8C9-476B-93C8-5D831AAB8474}
		{BCA551A2-38ED-43DB-AA32-E77FA26E83CC} = {232359D5-F8C9-476B-93C8-5D831AAB8474}
		{A30403D7-4EC5-450A-B7C8-00298EDE9B90} = {232359D5-F8C9-476B-93C8-5D831AAB8474}
		{2B09E152-46FE-498A-92A5-F296AF5E2897} = {232359D5-F8C9-476B-93C8-5D831AAB8474}
		{DFC0C485-3DBE-4FED-A90A-494BFDA3E7E0} = {232359D5-F8C9-476B-93C8-5D831AAB8474}
		{7A711D02-9FF2-4F8F-B583-44A9EE3E40AB} = {7DBA79D2-7659-4E71-9DAD-1F511E91AE49}
		{05347F57-8996-46B5-A4D7-5E92CCD0C15A} = {7DBA79D2-7659-4E71-9DAD-1F511E91AE49}
		{73CE189D-2285-4C40-9B2C-5F0E2675C5AA} = {7DBA79D2-7659-4E71-9DAD-1F511E91AE49}
		{1955A126-44D7-4381-B0DC-00F58AD93D6E} = {7DBA79D2-7659-4E71-9DAD-1F511E91AE49}
		{6B6FF48F-5095-413E-8C9D-20E8FC36E9DC} = {7DBA79D2-7659-4E71-9DAD-1F511E91AE49}
		{333AC929-8042-406D-9A02-BA29F530718C} = {232359D5-F8C9-476B-93C8-5D831AAB8474}
		{37822D01-5C74-4010-BAA0-12B97AF3C2E5} = {232359D5-F8C9-476B-93C8-5D831AAB8474}
		{88D0A996-F2BB-46ED-BFE3-EE3F8092C7E3} = {232359D5-F8C9-476B-93C8-5D831AAB8474}
		{B8D7EF27-0BF0-4498-8F3E-9AEBD3F9A6FC} = {86DE3FA3-DF4E-429F-9637-20A2F1D33A47}
		{B3210FB4-BCAA-4E17-ABAE-1C4769A774D0} = {232359D5-F8C9-476B-93C8-5D831AAB8474}
	EndGlobalSection
EndGlobal
