
Microsoft Visual Studio Solution File, Format Version 12.00
# Visual Studio 14
VisualStudioVersion = 14.0.25420.1
MinimumVisualStudioVersion = 10.0.40219.1
Project("{FAE04EC0-301F-11D3-BF4B-00C04F79EFBC}") = "AutoWork_Plat1", "AutoWork\AutoWork_Plat1.csproj", "{4A33E1D4-93AD-4398-AD77-B4301395F442}"
EndProject
Project("{FAE04EC0-301F-11D3-BF4B-00C04F79EFBC}") = "AutoUpdateGPKAcc", "AutoUpdateGPKAcc\AutoUpdateGPKAcc.csproj", "{01C4A839-D792-46AE-8C91-956559C165A3}"
EndProject
Project("{FAE04EC0-301F-11D3-BF4B-00C04F79EFBC}") = "TimoControl", "Control\TimoControl.csproj", "{C47BDECB-D9E8-4723-80FB-D1B8D4F77423}"
EndProject
Project("{FAE04EC0-301F-11D3-BF4B-00C04F79EFBC}") = "AutoWork_Plat2", "AutoWork2\AutoWork_Plat2.csproj", "{3CF8DFE2-BEDA-46AF-9019-E8AD7E8C4E6B}"
EndProject
Project("{FAE04EC0-301F-11D3-BF4B-00C04F79EFBC}") = "AutoDepositRedEnvelope", "AutoDepositRedEnvelope\AutoDepositRedEnvelope.csproj", "{AF13627C-2F27-4A65-91CF-40BB7C99D855}"
EndProject
Project("{FAE04EC0-301F-11D3-BF4B-00C04F79EFBC}") = "AutoWork_Plat_5hao", "AutoWork_Plat_5hao\AutoWork_Plat_5hao.csproj", "{4D02A5D6-7971-4BC5-B77F-B399D5A716E0}"
EndProject
Project("{FAE04EC0-301F-11D3-BF4B-00C04F79EFBC}") = "AutoAppSign", "AutoAppSign\AutoAppSign.csproj", "{8C3BF7AB-1912-4C84-B1DE-FB12830B7788}"
EndProject
Project("{FAE04EC0-301F-11D3-BF4B-00C04F79EFBC}") = "TestDomo_console", "TestDomo_console\TestDomo_console.csproj", "{408B9BAD-5A15-48CB-B7B4-256AD0CF53CC}"
EndProject
Project("{FAE04EC0-301F-11D3-BF4B-00C04F79EFBC}") = "TestDemo", "TestDemo\TestDemo.csproj", "{142D4930-A11B-4390-A045-44E03D14A9EB}"
EndProject
Project("{FAE04EC0-301F-11D3-BF4B-00C04F79EFBC}") = "WebApplication1", "WebApplication1\WebApplication1.csproj", "{C3CCC3D5-545E-4BBC-87B7-AB3DC88EFDB1}"
EndProject
Project("{E24C65DC-7377-472B-9ABA-BC803B73C61A}") = "GetData", "..\..\WebSites\GetData\", "{468CD36B-8CDB-434E-897C-1EACEF5AA8A8}"
	ProjectSection(WebsiteProperties) = preProject
		TargetFrameworkMoniker = ".NETFramework,Version%3Dv4.0"
		Debug.AspNetCompiler.VirtualPath = "/localhost_51924"
		Debug.AspNetCompiler.PhysicalPath = "..\..\WebSites\GetData\"
		Debug.AspNetCompiler.TargetPath = "PrecompiledWeb\localhost_51924\"
		Debug.AspNetCompiler.Updateable = "true"
		Debug.AspNetCompiler.ForceOverwrite = "true"
		Debug.AspNetCompiler.FixedNames = "false"
		Debug.AspNetCompiler.Debug = "True"
		Release.AspNetCompiler.VirtualPath = "/localhost_51924"
		Release.AspNetCompiler.PhysicalPath = "..\..\WebSites\GetData\"
		Release.AspNetCompiler.TargetPath = "PrecompiledWeb\localhost_51924\"
		Release.AspNetCompiler.Updateable = "true"
		Release.AspNetCompiler.ForceOverwrite = "true"
		Release.AspNetCompiler.FixedNames = "false"
		Release.AspNetCompiler.Debug = "False"
		VWDPort = "51924"
		SlnRelativePath = "..\..\WebSites\GetData\"
		DefaultWebSiteLanguage = "Visual C#"
	EndProjectSection
EndProject
Global
	GlobalSection(SolutionConfigurationPlatforms) = preSolution
		Debug|Any CPU = Debug|Any CPU
		Release|Any CPU = Release|Any CPU
	EndGlobalSection
	GlobalSection(ProjectConfigurationPlatforms) = postSolution
		{4A33E1D4-93AD-4398-AD77-B4301395F442}.Debug|Any CPU.ActiveCfg = Debug|Any CPU
		{4A33E1D4-93AD-4398-AD77-B4301395F442}.Debug|Any CPU.Build.0 = Debug|Any CPU
		{4A33E1D4-93AD-4398-AD77-B4301395F442}.Release|Any CPU.ActiveCfg = Release|Any CPU
		{4A33E1D4-93AD-4398-AD77-B4301395F442}.Release|Any CPU.Build.0 = Release|Any CPU
		{01C4A839-D792-46AE-8C91-956559C165A3}.Debug|Any CPU.ActiveCfg = Debug|Any CPU
		{01C4A839-D792-46AE-8C91-956559C165A3}.Debug|Any CPU.Build.0 = Debug|Any CPU
		{01C4A839-D792-46AE-8C91-956559C165A3}.Release|Any CPU.ActiveCfg = Release|Any CPU
		{01C4A839-D792-46AE-8C91-956559C165A3}.Release|Any CPU.Build.0 = Release|Any CPU
		{C47BDECB-D9E8-4723-80FB-D1B8D4F77423}.Debug|Any CPU.ActiveCfg = Debug|Any CPU
		{C47BDECB-D9E8-4723-80FB-D1B8D4F77423}.Debug|Any CPU.Build.0 = Debug|Any CPU
		{C47BDECB-D9E8-4723-80FB-D1B8D4F77423}.Release|Any CPU.ActiveCfg = Release|Any CPU
		{C47BDECB-D9E8-4723-80FB-D1B8D4F77423}.Release|Any CPU.Build.0 = Release|Any CPU
		{3CF8DFE2-BEDA-46AF-9019-E8AD7E8C4E6B}.Debug|Any CPU.ActiveCfg = Debug|Any CPU
		{3CF8DFE2-BEDA-46AF-9019-E8AD7E8C4E6B}.Debug|Any CPU.Build.0 = Debug|Any CPU
		{3CF8DFE2-BEDA-46AF-9019-E8AD7E8C4E6B}.Release|Any CPU.ActiveCfg = Release|Any CPU
		{3CF8DFE2-BEDA-46AF-9019-E8AD7E8C4E6B}.Release|Any CPU.Build.0 = Release|Any CPU
		{AF13627C-2F27-4A65-91CF-40BB7C99D855}.Debug|Any CPU.ActiveCfg = Debug|Any CPU
		{AF13627C-2F27-4A65-91CF-40BB7C99D855}.Debug|Any CPU.Build.0 = Debug|Any CPU
		{AF13627C-2F27-4A65-91CF-40BB7C99D855}.Release|Any CPU.ActiveCfg = Release|Any CPU
		{AF13627C-2F27-4A65-91CF-40BB7C99D855}.Release|Any CPU.Build.0 = Release|Any CPU
		{4D02A5D6-7971-4BC5-B77F-B399D5A716E0}.Debug|Any CPU.ActiveCfg = Debug|Any CPU
		{4D02A5D6-7971-4BC5-B77F-B399D5A716E0}.Debug|Any CPU.Build.0 = Debug|Any CPU
		{4D02A5D6-7971-4BC5-B77F-B399D5A716E0}.Release|Any CPU.ActiveCfg = Release|Any CPU
		{4D02A5D6-7971-4BC5-B77F-B399D5A716E0}.Release|Any CPU.Build.0 = Release|Any CPU
		{8C3BF7AB-1912-4C84-B1DE-FB12830B7788}.Debug|Any CPU.ActiveCfg = Debug|Any CPU
		{8C3BF7AB-1912-4C84-B1DE-FB12830B7788}.Debug|Any CPU.Build.0 = Debug|Any CPU
		{8C3BF7AB-1912-4C84-B1DE-FB12830B7788}.Release|Any CPU.ActiveCfg = Release|Any CPU
		{8C3BF7AB-1912-4C84-B1DE-FB12830B7788}.Release|Any CPU.Build.0 = Release|Any CPU
		{408B9BAD-5A15-48CB-B7B4-256AD0CF53CC}.Debug|Any CPU.ActiveCfg = Debug|Any CPU
		{408B9BAD-5A15-48CB-B7B4-256AD0CF53CC}.Debug|Any CPU.Build.0 = Debug|Any CPU
		{408B9BAD-5A15-48CB-B7B4-256AD0CF53CC}.Release|Any CPU.ActiveCfg = Release|Any CPU
		{408B9BAD-5A15-48CB-B7B4-256AD0CF53CC}.Release|Any CPU.Build.0 = Release|Any CPU
		{142D4930-A11B-4390-A045-44E03D14A9EB}.Debug|Any CPU.ActiveCfg = Debug|Any CPU
		{142D4930-A11B-4390-A045-44E03D14A9EB}.Debug|Any CPU.Build.0 = Debug|Any CPU
		{142D4930-A11B-4390-A045-44E03D14A9EB}.Release|Any CPU.ActiveCfg = Release|Any CPU
		{142D4930-A11B-4390-A045-44E03D14A9EB}.Release|Any CPU.Build.0 = Release|Any CPU
		{C3CCC3D5-545E-4BBC-87B7-AB3DC88EFDB1}.Debug|Any CPU.ActiveCfg = Debug|Any CPU
		{C3CCC3D5-545E-4BBC-87B7-AB3DC88EFDB1}.Debug|Any CPU.Build.0 = Debug|Any CPU
		{C3CCC3D5-545E-4BBC-87B7-AB3DC88EFDB1}.Release|Any CPU.ActiveCfg = Release|Any CPU
		{C3CCC3D5-545E-4BBC-87B7-AB3DC88EFDB1}.Release|Any CPU.Build.0 = Release|Any CPU
		{468CD36B-8CDB-434E-897C-1EACEF5AA8A8}.Debug|Any CPU.ActiveCfg = Debug|Any CPU
		{468CD36B-8CDB-434E-897C-1EACEF5AA8A8}.Debug|Any CPU.Build.0 = Debug|Any CPU
		{468CD36B-8CDB-434E-897C-1EACEF5AA8A8}.Release|Any CPU.ActiveCfg = Debug|Any CPU
		{468CD36B-8CDB-434E-897C-1EACEF5AA8A8}.Release|Any CPU.Build.0 = Debug|Any CPU
	EndGlobalSection
	GlobalSection(SolutionProperties) = preSolution
		HideSolutionNode = FALSE
	EndGlobalSection
EndGlobal
